
Microsoft Visual Studio Solution File, Format Version 12.00
# Visual Studio Version 17
VisualStudioVersion = 17.10.35122.118
MinimumVisualStudioVersion = 10.0.40219.1
Project("{FAE04EC0-301F-11D3-BF4B-00C04F79EFBC}") = "ProyectoNo1_Cristhian_Bonilla", "ProyectoNo1_Cristhian_Bonilla\ProyectoNo1_Cristhian_Bonilla.csproj", "{4162DF54-267D-4D33-A6D1-CD36EE3E88E3}"
EndProject
Global
	GlobalSection(SolutionConfigurationPlatforms) = preSolution
		Debug|Any CPU = Debug|Any CPU
		Release|Any CPU = Release|Any CPU
	EndGlobalSection
	GlobalSection(ProjectConfigurationPlatforms) = postSolution
		{4162DF54-267D-4D33-A6D1-CD36EE3E88E3}.Debug|Any CPU.ActiveCfg = Debug|Any CPU
		{4162DF54-267D-4D33-A6D1-CD36EE3E88E3}.Debug|Any CPU.Build.0 = Debug|Any CPU
		{4162DF54-267D-4D33-A6D1-CD36EE3E88E3}.Release|Any CPU.ActiveCfg = Release|Any CPU
		{4162DF54-267D-4D33-A6D1-CD36EE3E88E3}.Release|Any CPU.Build.0 = Release|Any CPU
	EndGlobalSection
	GlobalSection(SolutionProperties) = preSolution
		HideSolutionNode = FALSE
	EndGlobalSection
	GlobalSection(ExtensibilityGlobals) = postSolution
		SolutionGuid = {228D4045-D4FF-4B79-B39E-02875E2381DD}
	EndGlobalSection
EndGlobal
